{
  "lockfileVersion": 3,
  "name": "goodrelaxmattresss",
  "version": "1.0.0",
  "requires": true,
  "packages": {
    "": {
      "name": "goodrelaxmattresss",
      "version": "1.0.0",
      "devDependencies": {
        "@vitejs/plugin-react": "^5.0.0",
        "tailwindcss": "^4.0.0",
        "typescript": "^5.0.0",
        "vite": "^7.0.0"
      }
    }
  }
}
